
Microsoft Visual Studio Solution File, Format Version 12.00
# Visual Studio Version 17
VisualStudioVersion = 17.9.34701.34
MinimumVisualStudioVersion = 10.0.40219.1
Project("{FAE04EC0-301F-11D3-BF4B-00C04F79EFBC}") = "docker-k8.Client", "docker-k8.Client\docker-k8.Client.csproj", "{F802EBB8-9AA0-476D-B40D-4D91B23CADDD}"
EndProject
Global
	GlobalSection(SolutionConfigurationPlatforms) = preSolution
		Debug|Any CPU = Debug|Any CPU
		Release|Any CPU = Release|Any CPU
	EndGlobalSection
	GlobalSection(ProjectConfigurationPlatforms) = postSolution
		{F802EBB8-9AA0-476D-B40D-4D91B23CADDD}.Debug|Any CPU.ActiveCfg = Debug|Any CPU
		{F802EBB8-9AA0-476D-B40D-4D91B23CADDD}.Debug|Any CPU.Build.0 = Debug|Any CPU
		{F802EBB8-9AA0-476D-B40D-4D91B23CADDD}.Release|Any CPU.ActiveCfg = Release|Any CPU
		{F802EBB8-9AA0-476D-B40D-4D91B23CADDD}.Release|Any CPU.Build.0 = Release|Any CPU
	EndGlobalSection
	GlobalSection(SolutionProperties) = preSolution
		HideSolutionNode = FALSE
	EndGlobalSection
	GlobalSection(ExtensibilityGlobals) = postSolution
		SolutionGuid = {DC8C0302-B897-47B6-9532-96AE16B63C3B}
	EndGlobalSection
EndGlobal
